<?xml version="1.0" encoding="UTF-8" standalone="yes" ?>
<CodeBlocks_project_file>
	<FileVersion major="1" minor="6" />
	<Project>
		<Option title="bottle_filling_system" />
		<Option makefile_is_custom="1" />
		<Option pch_mode="2" />
		<Option compiler="gcc" />
		<MakeCommands>
			<Build command="/home/chima/.local/bin/pio -f -c codeblocks run" />
			<CompileFile command="/home/chima/.local/bin/pio -f -c codeblocks run" />
			<Clean command="/home/chima/.local/bin/pio -f -c codeblocks run -t clean" />
			<DistClean command="/home/chima/.local/bin/pio -f -c codeblocks run -t clean" />
			<AskRebuildNeeded command="1" />
			<SilentBuild command="/home/chima/.local/bin/pio -f -c codeblocks run &gt; $(CMD_NULL)" />
		</MakeCommands>
		<Build>
			<Target title="Debug Uno">
				<Option type="4" />
				<Option compiler="gcc" />
				<Option parameters="-f -c codeblocks run -e uno -t upload" />
				<Option host_application="/home/chima/.platformio/penv/bin/pio" />
				<Option run_host_application_in_terminal="1" />
				<MakeCommands>
					<Build command="/home/chima/.platformio/penv/bin/pio -f -c codeblocks run -e uno" />
					<CompileFile command="/home/chima/.platformio/penv/bin/pio -f -c codeblocks run -e uno" />
					<Clean command="/home/chima/.platformio/penv/bin/pio -f -c codeblocks run -t clean" />
					<DistClean command="/home/chima/.platformio/penv/bin/pio -f -c codeblocks run -t clean" />
					<AskRebuildNeeded command="1" />
					<SilentBuild command="/home/chima/.platformio/penv/bin/pio -f -c codeblocks run -e uno &gt; $(CMD_NULL)" />
				</MakeCommands>
			</Target>
			
			<Target title="Release uno">
				<Option type="4" />
				<Option compiler="gcc" />
				<Option parameters="-f -c codeblocks run -t upload -e bluepill" />
				<Option host_application="/home/chima/.platformio/penv/bin/pio" />
				<Option run_host_application_in_terminal="1" />
				<MakeCommands>
					<Build command="/home/chima/.platformio/penv/bin/pio -f -c codeblocks run -e uno" />
					<CompileFile command="/home/chima/.platformio/penv/bin/pio -f -c codeblocks run -e uno" />
					<Clean command="/home/chima/.platformio/penv/bin/pio -f -c codeblocks run -t clean" />
					<DistClean command="/home/chima/.platformio/penv/bin/pio -f -c codeblocks run -t clean" />
					<AskRebuildNeeded command="1" />
					<SilentBuild command="/home/chima/.platformio/penv/bin/pio -f -c codeblocks run -e uno &gt; $(CMD_NULL)" />
				</MakeCommands>
			</Target>
		</Build>
		<Compiler>
			<Add option="-DPLATFORMIO=60105" />
			<Add option="-DARDUINO_AVR_UNO" />
			<Add option="-DF_CPU=16000000L" />
			<Add option="-DARDUINO_ARCH_AVR" />
			<Add option="-DARDUINO=10808" />
			<Add option="-D__AVR_ATmega328P__" />
			<Add directory="/home/chima/Documents/PlatformIO/Projects/bottle_filling_system/include" />
			<Add directory="/home/chima/Documents/PlatformIO/Projects/bottle_filling_system/src" />
			<Add directory="/home/chima/.platformio/lib/pincontrol/src" />
			<Add directory="/home/chima/.platformio/packages/framework-arduino-avr/cores/arduino" />
			<Add directory="/home/chima/.platformio/packages/framework-arduino-avr/variants/standard" />
			<Add directory="/home/chima/.platformio/lib/Adafruit_FONA-master" />
			<Add directory="/home/chima/.platformio/lib/Arduino-LiquidCrystal-I2C-library" />
			<Add directory="/home/chima/.platformio/lib/FourLetterWord-master" />
			<Add directory="/home/chima/.platformio/lib/FreqMeasure" />
			<Add directory="/home/chima/.platformio/lib/FreqReader/src" />
			<Add directory="/home/chima/.platformio/lib/HCSR04_ultrasonic_sensor-2.0.3/src" />
			<Add directory="/home/chima/.platformio/lib/ITEADLIBArduinoNextionmaster" />
			<Add directory="/home/chima/.platformio/lib/Keypad/src" />
			<Add directory="/home/chima/.platformio/lib/LCD" />
			<Add directory="/home/chima/.platformio/lib/LCD/utility" />
			<Add directory="/home/chima/.platformio/lib/Low-Power-master" />
			<Add directory="/home/chima/.platformio/lib/MFRC522master" />
			<Add directory="/home/chima/.platformio/lib/Morse-Code" />
			<Add directory="/home/chima/.platformio/lib/RadioHead" />
			<Add directory="/home/chima/.platformio/lib/SevSeg" />
			<Add directory="/home/chima/.platformio/lib/Shellminator/src" />
			<Add directory="/home/chima/.platformio/lib/Stepper-master/src" />
			<Add directory="/home/chima/.platformio/lib/analogueFreqReader/src" />
			<Add directory="/home/chima/.platformio/lib/arduino-plotter/src" />
			<Add directory="/home/chima/.platformio/lib/arduino-timer/src" />
			<Add directory="/home/chima/.platformio/lib/atmega-timers-master" />
			<Add directory="/home/chima/.platformio/lib/k2" />
			<Add directory="/home/chima/.platformio/lib/libb" />
			<Add directory="/home/chima/.platformio/lib/morseCode/src" />
			<Add directory="/home/chima/.platformio/lib/phone" />
			<Add directory="/home/chima/.platformio/lib/sensors/src" />
			<Add directory="/home/chima/.platformio/lib/serLib" />
			<Add directory="/home/chima/.platformio/lib/xlwg" />
			<Add directory="/home/chima/.platformio/packages/framework-arduino-avr/libraries/EEPROM/src" />
			<Add directory="/home/chima/.platformio/packages/framework-arduino-avr/libraries/HID/src" />
			<Add directory="/home/chima/.platformio/packages/framework-arduino-avr/libraries/SPI/src" />
			<Add directory="/home/chima/.platformio/packages/framework-arduino-avr/libraries/SoftwareSerial/src" />
			<Add directory="/home/chima/.platformio/packages/framework-arduino-avr/libraries/Wire/src" />
			<Add directory="/home/chima/.platformio/packages/toolchain-atmelavr/lib/gcc/avr/7.3.0/include" />
			<Add directory="/home/chima/.platformio/packages/toolchain-atmelavr/lib/gcc/avr/7.3.0/include-fixed" />
			<Add directory="/home/chima/.platformio/packages/toolchain-atmelavr/avr/include" />
		</Compiler>
		<Unit filename="lib/bfs/bfs.h.save" />
		<Unit filename="lib/bfs/src/bfs.cpp" />
		<Unit filename="lib/bfs/src/bfs.cpp.save" />
		<Unit filename="lib/bfs/src/bfs.h" />
		<Unit filename="lib/bfs/src/bfs.h.save" />
		<Unit filename="platformio.ini" />
		<Unit filename="src/main.cpp" />
		<Unit filename="src/main.cpp.save" />
		<Extensions>
			<lib_finder disable_auto="1" />
		</Extensions>
	</Project>
</CodeBlocks_project_file>
